
Microsoft Visual Studio Solution File, Format Version 12.00
# Visual Studio Version 18
VisualStudioVersion = 18.3.11222.16
MinimumVisualStudioVersion = 10.0.40219.1
Project("{FAE04EC0-301F-11D3-BF4B-00C04F79EFBC}") = "KaizokuBackend", "KaizokuBackend\KaizokuBackend.csproj", "{3E96B104-104E-456F-864A-397AC8F0E3A9}"
EndProject
Project("{FAE04EC0-301F-11D3-BF4B-00C04F79EFBC}") = "KaizokuTray", "KaizokuTray\KaizokuTray.csproj", "{8D53A467-2804-46E4-BE2C-4EA1A6369097}"
EndProject
Project("{2150E333-8FDC-42A3-9474-1A3956D46DE8}") = "Mihon.ExtensionsBridge", "Mihon.ExtensionsBridge", "{479865F2-E4F1-44D0-B129-73CCA1F69D86}"
EndProject
Project("{FAE04EC0-301F-11D3-BF4B-00C04F79EFBC}") = "Mihon.ExtensionsBridge.Models", "Mihon.ExtensionsBridge.Net\Mihon.ExtensionsBridge.Models\Mihon.ExtensionsBridge.Models.csproj", "{CCF15902-96EB-7F54-E10D-CA6136E0C697}"
EndProject
Project("{FAE04EC0-301F-11D3-BF4B-00C04F79EFBC}") = "Mihon.ExtensionsBridge.Core", "Mihon.ExtensionsBridge.Net\Mihon.ExtensionsBridge.Core\Mihon.ExtensionsBridge.Core.csproj", "{3739BB92-B414-891E-CC4C-C4FB655026DA}"
EndProject
Project("{FAE04EC0-301F-11D3-BF4B-00C04F79EFBC}") = "Mihon.ExtensionsBridge", "Mihon.ExtensionsBridge.Net\Internal.Tests\ExtensionBridge.Test\Mihon.ExtensionsBridge.csproj", "{C4A9A9B5-CA38-83DA-B660-C88108688CA1}"
EndProject
Global
	GlobalSection(SolutionConfigurationPlatforms) = preSolution
		Debug|Any CPU = Debug|Any CPU
		Debug|x64 = Debug|x64
		Debug|x86 = Debug|x86
		Release|Any CPU = Release|Any CPU
		Release|x64 = Release|x64
		Release|x86 = Release|x86
	EndGlobalSection
	GlobalSection(ProjectConfigurationPlatforms) = postSolution
		{3E96B104-104E-456F-864A-397AC8F0E3A9}.Debug|Any CPU.ActiveCfg = Debug|Any CPU
		{3E96B104-104E-456F-864A-397AC8F0E3A9}.Debug|Any CPU.Build.0 = Debug|Any CPU
		{3E96B104-104E-456F-864A-397AC8F0E3A9}.Debug|x64.ActiveCfg = Debug|Any CPU
		{3E96B104-104E-456F-864A-397AC8F0E3A9}.Debug|x64.Build.0 = Debug|Any CPU
		{3E96B104-104E-456F-864A-397AC8F0E3A9}.Debug|x86.ActiveCfg = Debug|Any CPU
		{3E96B104-104E-456F-864A-397AC8F0E3A9}.Debug|x86.Build.0 = Debug|Any CPU
		{3E96B104-104E-456F-864A-397AC8F0E3A9}.Release|Any CPU.ActiveCfg = Release|Any CPU
		{3E96B104-104E-456F-864A-397AC8F0E3A9}.Release|Any CPU.Build.0 = Release|Any CPU
		{3E96B104-104E-456F-864A-397AC8F0E3A9}.Release|x64.ActiveCfg = Release|Any CPU
		{3E96B104-104E-456F-864A-397AC8F0E3A9}.Release|x64.Build.0 = Release|Any CPU
		{3E96B104-104E-456F-864A-397AC8F0E3A9}.Release|x86.ActiveCfg = Release|Any CPU
		{3E96B104-104E-456F-864A-397AC8F0E3A9}.Release|x86.Build.0 = Release|Any CPU
		{8D53A467-2804-46E4-BE2C-4EA1A6369097}.Debug|Any CPU.ActiveCfg = Debug|Any CPU
		{8D53A467-2804-46E4-BE2C-4EA1A6369097}.Debug|Any CPU.Build.0 = Debug|Any CPU
		{8D53A467-2804-46E4-BE2C-4EA1A6369097}.Debug|x64.ActiveCfg = Debug|Any CPU
		{8D53A467-2804-46E4-BE2C-4EA1A6369097}.Debug|x64.Build.0 = Debug|Any CPU
		{8D53A467-2804-46E4-BE2C-4EA1A6369097}.Debug|x86.ActiveCfg = Debug|Any CPU
		{8D53A467-2804-46E4-BE2C-4EA1A6369097}.Debug|x86.Build.0 = Debug|Any CPU
		{8D53A467-2804-46E4-BE2C-4EA1A6369097}.Release|Any CPU.ActiveCfg = Release|Any CPU
		{8D53A467-2804-46E4-BE2C-4EA1A6369097}.Release|Any CPU.Build.0 = Release|Any CPU
		{8D53A467-2804-46E4-BE2C-4EA1A6369097}.Release|x64.ActiveCfg = Release|Any CPU
		{8D53A467-2804-46E4-BE2C-4EA1A6369097}.Release|x64.Build.0 = Release|Any CPU
		{8D53A467-2804-46E4-BE2C-4EA1A6369097}.Release|x86.ActiveCfg = Release|Any CPU
		{8D53A467-2804-46E4-BE2C-4EA1A6369097}.Release|x86.Build.0 = Release|Any CPU
		{CCF15902-96EB-7F54-E10D-CA6136E0C697}.Debug|Any CPU.ActiveCfg = Debug|Any CPU
		{CCF15902-96EB-7F54-E10D-CA6136E0C697}.Debug|Any CPU.Build.0 = Debug|Any CPU
		{CCF15902-96EB-7F54-E10D-CA6136E0C697}.Debug|x64.ActiveCfg = Debug|Any CPU
		{CCF15902-96EB-7F54-E10D-CA6136E0C697}.Debug|x64.Build.0 = Debug|Any CPU
		{CCF15902-96EB-7F54-E10D-CA6136E0C697}.Debug|x86.ActiveCfg = Debug|Any CPU
		{CCF15902-96EB-7F54-E10D-CA6136E0C697}.Debug|x86.Build.0 = Debug|Any CPU
		{CCF15902-96EB-7F54-E10D-CA6136E0C697}.Release|Any CPU.ActiveCfg = Release|Any CPU
		{CCF15902-96EB-7F54-E10D-CA6136E0C697}.Release|Any CPU.Build.0 = Release|Any CPU
		{CCF15902-96EB-7F54-E10D-CA6136E0C697}.Release|x64.ActiveCfg = Release|Any CPU
		{CCF15902-96EB-7F54-E10D-CA6136E0C697}.Release|x64.Build.0 = Release|Any CPU
		{CCF15902-96EB-7F54-E10D-CA6136E0C697}.Release|x86.ActiveCfg = Release|Any CPU
		{CCF15902-96EB-7F54-E10D-CA6136E0C697}.Release|x86.Build.0 = Release|Any CPU
		{3739BB92-B414-891E-CC4C-C4FB655026DA}.Debug|Any CPU.ActiveCfg = Debug|Any CPU
		{3739BB92-B414-891E-CC4C-C4FB655026DA}.Debug|Any CPU.Build.0 = Debug|Any CPU
		{3739BB92-B414-891E-CC4C-C4FB655026DA}.Debug|x64.ActiveCfg = Debug|Any CPU
		{3739BB92-B414-891E-CC4C-C4FB655026DA}.Debug|x64.Build.0 = Debug|Any CPU
		{3739BB92-B414-891E-CC4C-C4FB655026DA}.Debug|x86.ActiveCfg = Debug|Any CPU
		{3739BB92-B414-891E-CC4C-C4FB655026DA}.Debug|x86.Build.0 = Debug|Any CPU
		{3739BB92-B414-891E-CC4C-C4FB655026DA}.Release|Any CPU.ActiveCfg = Release|Any CPU
		{3739BB92-B414-891E-CC4C-C4FB655026DA}.Release|Any CPU.Build.0 = Release|Any CPU
		{3739BB92-B414-891E-CC4C-C4FB655026DA}.Release|x64.ActiveCfg = Release|Any CPU
		{3739BB92-B414-891E-CC4C-C4FB655026DA}.Release|x64.Build.0 = Release|Any CPU
		{3739BB92-B414-891E-CC4C-C4FB655026DA}.Release|x86.ActiveCfg = Release|Any CPU
		{3739BB92-B414-891E-CC4C-C4FB655026DA}.Release|x86.Build.0 = Release|Any CPU
		{C4A9A9B5-CA38-83DA-B660-C88108688CA1}.Debug|Any CPU.ActiveCfg = Debug|Any CPU
		{C4A9A9B5-CA38-83DA-B660-C88108688CA1}.Debug|Any CPU.Build.0 = Debug|Any CPU
		{C4A9A9B5-CA38-83DA-B660-C88108688CA1}.Debug|x64.ActiveCfg = Debug|Any CPU
		{C4A9A9B5-CA38-83DA-B660-C88108688CA1}.Debug|x64.Build.0 = Debug|Any CPU
		{C4A9A9B5-CA38-83DA-B660-C88108688CA1}.Debug|x86.ActiveCfg = Debug|Any CPU
		{C4A9A9B5-CA38-83DA-B660-C88108688CA1}.Debug|x86.Build.0 = Debug|Any CPU
		{C4A9A9B5-CA38-83DA-B660-C88108688CA1}.Release|Any CPU.ActiveCfg = Release|Any CPU
		{C4A9A9B5-CA38-83DA-B660-C88108688CA1}.Release|Any CPU.Build.0 = Release|Any CPU
		{C4A9A9B5-CA38-83DA-B660-C88108688CA1}.Release|x64.ActiveCfg = Release|Any CPU
		{C4A9A9B5-CA38-83DA-B660-C88108688CA1}.Release|x64.Build.0 = Release|Any CPU
		{C4A9A9B5-CA38-83DA-B660-C88108688CA1}.Release|x86.ActiveCfg = Release|Any CPU
		{C4A9A9B5-CA38-83DA-B660-C88108688CA1}.Release|x86.Build.0 = Release|Any CPU
	EndGlobalSection
	GlobalSection(SolutionProperties) = preSolution
		HideSolutionNode = FALSE
	EndGlobalSection
	GlobalSection(NestedProjects) = preSolution
		{CCF15902-96EB-7F54-E10D-CA6136E0C697} = {479865F2-E4F1-44D0-B129-73CCA1F69D86}
		{3739BB92-B414-891E-CC4C-C4FB655026DA} = {479865F2-E4F1-44D0-B129-73CCA1F69D86}
		{C4A9A9B5-CA38-83DA-B660-C88108688CA1} = {479865F2-E4F1-44D0-B129-73CCA1F69D86}
	EndGlobalSection
	GlobalSection(ExtensibilityGlobals) = postSolution
		SolutionGuid = {EE74009C-5FBB-4B6F-BF11-70D46F5F992D}
	EndGlobalSection
EndGlobal
